
Microsoft Visual Studio Solution File, Format Version 12.00
# Visual Studio 15
VisualStudioVersion = 15.0.27703.2018
MinimumVisualStudioVersion = 10.0.40219.1
Project("{FAE04EC0-301F-11D3-BF4B-00C04F79EFBC}") = "LdClientStreamingIssue", "LdClientStreamingIssue\LdClientStreamingIssue.csproj", "{F7CC7160-E5D1-4604-881A-AF8F16015BEF}"
EndProject
Global
	GlobalSection(SolutionConfigurationPlatforms) = preSolution
		Debug|Any CPU = Debug|Any CPU
		Release|Any CPU = Release|Any CPU
	EndGlobalSection
	GlobalSection(ProjectConfigurationPlatforms) = postSolution
		{F7CC7160-E5D1-4604-881A-AF8F16015BEF}.Debug|Any CPU.ActiveCfg = Debug|Any CPU
		{F7CC7160-E5D1-4604-881A-AF8F16015BEF}.Debug|Any CPU.Build.0 = Debug|Any CPU
		{F7CC7160-E5D1-4604-881A-AF8F16015BEF}.Release|Any CPU.ActiveCfg = Release|Any CPU
		{F7CC7160-E5D1-4604-881A-AF8F16015BEF}.Release|Any CPU.Build.0 = Release|Any CPU
	EndGlobalSection
	GlobalSection(SolutionProperties) = preSolution
		HideSolutionNode = FALSE
	EndGlobalSection
	GlobalSection(ExtensibilityGlobals) = postSolution
		SolutionGuid = {47DC3B1E-976D-48C4-A5E2-44F26460F7A8}
	EndGlobalSection
EndGlobal
